// !$*UTF8*$!
{
	archiveVersion = 1;
	classes = {
	};
	objectVersion = 55;
	objects = {

/* Begin PBXBuildFile section */
		1C1B006427C6F753007F7D8A /* SelectionScreen.swift in Sources */ = {isa = PBXBuildFile; fileRef = 1C1B006327C6F753007F7D8A /* SelectionScreen.swift */; };
		1C1B006927C6F7CC007F7D8A /* CounterScreen.swift in Sources */ = {isa = PBXBuildFile; fileRef = 1C1B006827C6F7CC007F7D8A /* CounterScreen.swift */; };
		1C23427F27CA685D000D568A /* click.mp3 in Resources */ = {isa = PBXBuildFile; fileRef = 1C23427E27CA685D000D568A /* click.mp3 */; };
		1C52DCEF27C1A47500238727 /* ContentView.swift in Sources */ = {isa = PBXBuildFile; fileRef = 1C52DCEE27C1A47500238727 /* ContentView.swift */; };
		1C52DCF127C1A47600238727 /* Assets.xcassets in Resources */ = {isa = PBXBuildFile; fileRef = 1C52DCF027C1A47600238727 /* Assets.xcassets */; };
		1C52DCF427C1A47600238727 /* Preview Assets.xcassets in Resources */ = {isa = PBXBuildFile; fileRef = 1C52DCF327C1A47600238727 /* Preview Assets.xcassets */; };
		1C7AD2BA27D18895009B6541 /* SettingsView.swift in Sources */ = {isa = PBXBuildFile; fileRef = 1C7AD2B927D18895009B6541 /* SettingsView.swift */; };
		1C7AD2BE27D188B4009B6541 /* MoneyListView.swift in Sources */ = {isa = PBXBuildFile; fileRef = 1C7AD2BD27D188B4009B6541 /* MoneyListView.swift */; };
		1CFA99E627CADDC400375A1F /* worth_your_time.swift in Sources */ = {isa = PBXBuildFile; fileRef = 1CEFF8FF27CAD9B50048A234 /* worth_your_time.swift */; };
/* End PBXBuildFile section */

/* Begin PBXCopyFilesBuildPhase section */
		1C9931F227C9985900CCB11A /* Embed App Extensions */ = {
			isa = PBXCopyFilesBuildPhase;
			buildActionMask = 2147483647;
			dstPath = "";
			dstSubfolderSpec = 13;
			files = (
			);
			name = "Embed App Extensions";
			runOnlyForDeploymentPostprocessing = 0;
		};
/* End PBXCopyFilesBuildPhase section */

/* Begin PBXFileReference section */
		1C139BC327CA2D3C00928324 /* MyPlayground.playground */ = {isa = PBXFileReference; lastKnownFileType = file.playground; path = MyPlayground.playground; sourceTree = "<group>"; xcLanguageSpecificationIdentifier = xcode.lang.swift; };
		1C1B006327C6F753007F7D8A /* SelectionScreen.swift */ = {isa = PBXFileReference; indentWidth = 2; lastKnownFileType = sourcecode.swift; path = SelectionScreen.swift; sourceTree = "<group>"; tabWidth = 4; wrapsLines = 1; };
		1C1B006827C6F7CC007F7D8A /* CounterScreen.swift */ = {isa = PBXFileReference; lastKnownFileType = sourcecode.swift; path = CounterScreen.swift; sourceTree = "<group>"; };
		1C23427E27CA685D000D568A /* click.mp3 */ = {isa = PBXFileReference; lastKnownFileType = audio.mp3; path = click.mp3; sourceTree = "<group>"; };
		1C52DCE927C1A47500238727 /* Worth your time?.app */ = {isa = PBXFileReference; explicitFileType = wrapper.application; includeInIndex = 0; path = "Worth your time?.app"; sourceTree = BUILT_PRODUCTS_DIR; };
		1C52DCEE27C1A47500238727 /* ContentView.swift */ = {isa = PBXFileReference; lastKnownFileType = sourcecode.swift; path = ContentView.swift; sourceTree = "<group>"; };
		1C52DCF027C1A47600238727 /* Assets.xcassets */ = {isa = PBXFileReference; lastKnownFileType = folder.assetcatalog; path = Assets.xcassets; sourceTree = "<group>"; };
		1C52DCF327C1A47600238727 /* Preview Assets.xcassets */ = {isa = PBXFileReference; lastKnownFileType = folder.assetcatalog; path = "Preview Assets.xcassets"; sourceTree = "<group>"; };
		1C7AD2B927D18895009B6541 /* SettingsView.swift */ = {isa = PBXFileReference; lastKnownFileType = sourcecode.swift; path = SettingsView.swift; sourceTree = "<group>"; };
		1C7AD2BD27D188B4009B6541 /* MoneyListView.swift */ = {isa = PBXFileReference; lastKnownFileType = sourcecode.swift; path = MoneyListView.swift; sourceTree = "<group>"; };
		1C9931F327C9A49300CCB11A /* Worth-your-time--Info.plist */ = {isa = PBXFileReference; lastKnownFileType = text.plist; path = "Worth-your-time--Info.plist"; sourceTree = SOURCE_ROOT; };
		1CEFF8FF27CAD9B50048A234 /* worth_your_time.swift */ = {isa = PBXFileReference; lastKnownFileType = sourcecode.swift; path = worth_your_time.swift; sourceTree = "<group>"; };
/* End PBXFileReference section */

/* Begin PBXFrameworksBuildPhase section */
		1C52DCE627C1A47500238727 /* Frameworks */ = {
			isa = PBXFrameworksBuildPhase;
			buildActionMask = 2147483647;
			files = (
			);
			runOnlyForDeploymentPostprocessing = 0;
		};
/* End PBXFrameworksBuildPhase section */

/* Begin PBXGroup section */
		1C1B006527C6F75E007F7D8A /* Views */ = {
			isa = PBXGroup;
			children = (
				1CEFF8FF27CAD9B50048A234 /* worth_your_time.swift */,
				1C52DCEE27C1A47500238727 /* ContentView.swift */,
				1C1B006327C6F753007F7D8A /* SelectionScreen.swift */,
				1C1B006827C6F7CC007F7D8A /* CounterScreen.swift */,
				1C7AD2B927D18895009B6541 /* SettingsView.swift */,
				1C7AD2BD27D188B4009B6541 /* MoneyListView.swift */,
			);
			path = Views;
			sourceTree = "<group>";
		};
		1C52DCE027C1A47500238727 = {
			isa = PBXGroup;
			children = (
				1C139BC327CA2D3C00928324 /* MyPlayground.playground */,
				1C52DCEB27C1A47500238727 /* Worth your time? */,
				1C52DCEA27C1A47500238727 /* Products */,
			);
			sourceTree = "<group>";
			wrapsLines = 1;
		};
		1C52DCEA27C1A47500238727 /* Products */ = {
			isa = PBXGroup;
			children = (
				1C52DCE927C1A47500238727 /* Worth your time?.app */,
			);
			name = Products;
			sourceTree = "<group>";
		};
		1C52DCEB27C1A47500238727 /* Worth your time? */ = {
			isa = PBXGroup;
			children = (
				1C9931F327C9A49300CCB11A /* Worth-your-time--Info.plist */,
				1C23427E27CA685D000D568A /* click.mp3 */,
				1C1B006527C6F75E007F7D8A /* Views */,
				1C52DCF027C1A47600238727 /* Assets.xcassets */,
				1C52DCF227C1A47600238727 /* Preview Content */,
			);
			path = "Worth your time?";
			sourceTree = "<group>";
		};
		1C52DCF227C1A47600238727 /* Preview Content */ = {
			isa = PBXGroup;
			children = (
				1C52DCF327C1A47600238727 /* Preview Assets.xcassets */,
			);
			path = "Preview Content";
			sourceTree = "<group>";
		};
/* End PBXGroup section */

/* Begin PBXNativeTarget section */
		1C52DCE827C1A47500238727 /* Worth your time? */ = {
			isa = PBXNativeTarget;
			buildConfigurationList = 1C52DCF727C1A47600238727 /* Build configuration list for PBXNativeTarget "Worth your time?" */;
			buildPhases = (
				1C52DCE527C1A47500238727 /* Sources */,
				1C52DCE627C1A47500238727 /* Frameworks */,
				1C52DCE727C1A47500238727 /* Resources */,
				1C9931F227C9985900CCB11A /* Embed App Extensions */,
			);
			buildRules = (
			);
			dependencies = (
			);
			name = "Worth your time?";
			productName = "Worth your time?";
			productReference = 1C52DCE927C1A47500238727 /* Worth your time?.app */;
			productType = "com.apple.product-type.application";
		};
/* End PBXNativeTarget section */

/* Begin PBXProject section */
		1C52DCE127C1A47500238727 /* Project object */ = {
			isa = PBXProject;
			attributes = {
				BuildIndependentTargetsInParallel = 1;
				LastSwiftUpdateCheck = 1320;
				LastUpgradeCheck = 1320;
				TargetAttributes = {
					1C52DCE827C1A47500238727 = {
						CreatedOnToolsVersion = 13.2.1;
					};
				};
			};
			buildConfigurationList = 1C52DCE427C1A47500238727 /* Build configuration list for PBXProject "Worth your time?" */;
			compatibilityVersion = "Xcode 13.0";
			developmentRegion = en;
			hasScannedForEncodings = 0;
			knownRegions = (
				en,
				Base,
			);
			mainGroup = 1C52DCE027C1A47500238727;
			productRefGroup = 1C52DCEA27C1A47500238727 /* Products */;
			projectDirPath = "";
			projectRoot = "";
			targets = (
				1C52DCE827C1A47500238727 /* Worth your time? */,
			);
		};
/* End PBXProject section */

/* Begin PBXResourcesBuildPhase section */
		1C52DCE727C1A47500238727 /* Resources */ = {
			isa = PBXResourcesBuildPhase;
			buildActionMask = 2147483647;
			files = (
				1C23427F27CA685D000D568A /* click.mp3 in Resources */,
				1C52DCF427C1A47600238727 /* Preview Assets.xcassets in Resources */,
				1C52DCF127C1A47600238727 /* Assets.xcassets in Resources */,
			);
			runOnlyForDeploymentPostprocessing = 0;
		};
/* End PBXResourcesBuildPhase section */

/* Begin PBXSourcesBuildPhase section */
		1C52DCE527C1A47500238727 /* Sources */ = {
			isa = PBXSourcesBuildPhase;
			buildActionMask = 2147483647;
			files = (
				1C7AD2BA27D18895009B6541 /* SettingsView.swift in Sources */,
				1CFA99E627CADDC400375A1F /* worth_your_time.swift in Sources */,
				1C52DCEF27C1A47500238727 /* ContentView.swift in Sources */,
				1C7AD2BE27D188B4009B6541 /* MoneyListView.swift in Sources */,
				1C1B006927C6F7CC007F7D8A /* CounterScreen.swift in Sources */,
				1C1B006427C6F753007F7D8A /* SelectionScreen.swift in Sources */,
			);
			runOnlyForDeploymentPostprocessing = 0;
		};
/* End PBXSourcesBuildPhase section */

/* Begin XCBuildConfiguration section */
		1C52DCF527C1A47600238727 /* Debug */ = {
			isa = XCBuildConfiguration;
			buildSettings = {
				ALWAYS_SEARCH_USER_PATHS = NO;
				CLANG_ANALYZER_NONNULL = YES;
				CLANG_ANALYZER_NUMBER_OBJECT_CONVERSION = YES_AGGRESSIVE;
				CLANG_CXX_LANGUAGE_STANDARD = "gnu++17";
				CLANG_CXX_LIBRARY = "libc++";
				CLANG_ENABLE_MODULES = YES;
				CLANG_ENABLE_OBJC_ARC = YES;
				CLANG_ENABLE_OBJC_WEAK = YES;
				CLANG_WARN_BLOCK_CAPTURE_AUTORELEASING = YES;
				CLANG_WARN_BOOL_CONVERSION = YES;
				CLANG_WARN_COMMA = YES;
				CLANG_WARN_CONSTANT_CONVERSION = YES;
				CLANG_WARN_DEPRECATED_OBJC_IMPLEMENTATIONS = YES;
				CLANG_WARN_DIRECT_OBJC_ISA_USAGE = YES_ERROR;
				CLANG_WARN_DOCUMENTATION_COMMENTS = YES;
				CLANG_WARN_EMPTY_BODY = YES;
				CLANG_WARN_ENUM_CONVERSION = YES;
				CLANG_WARN_INFINITE_RECURSION = YES;
				CLANG_WARN_INT_CONVERSION = YES;
				CLANG_WARN_NON_LITERAL_NULL_CONVERSION = YES;
				CLANG_WARN_OBJC_IMPLICIT_RETAIN_SELF = YES;
				CLANG_WARN_OBJC_LITERAL_CONVERSION = YES;
				CLANG_WARN_OBJC_ROOT_CLASS = YES_ERROR;
				CLANG_WARN_QUOTED_INCLUDE_IN_FRAMEWORK_HEADER = YES;
				CLANG_WARN_RANGE_LOOP_ANALYSIS = YES;
				CLANG_WARN_STRICT_PROTOTYPES = YES;
				CLANG_WARN_SUSPICIOUS_MOVE = YES;
				CLANG_WARN_UNGUARDED_AVAILABILITY = YES_AGGRESSIVE;
				CLANG_WARN_UNREACHABLE_CODE = YES;
				CLANG_WARN__DUPLICATE_METHOD_MATCH = YES;
				COPY_PHASE_STRIP = NO;
				DEBUG_INFORMATION_FORMAT = dwarf;
				ENABLE_STRICT_OBJC_MSGSEND = YES;
				ENABLE_TESTABILITY = YES;
				GCC_C_LANGUAGE_STANDARD = gnu11;
				GCC_DYNAMIC_NO_PIC = NO;
				GCC_NO_COMMON_BLOCKS = YES;
				GCC_OPTIMIZATION_LEVEL = 0;
				GCC_PREPROCESSOR_DEFINITIONS = (
					"DEBUG=1",
					"$(inherited)",
				);
				GCC_WARN_64_TO_32_BIT_CONVERSION = YES;
				GCC_WARN_ABOUT_RETURN_TYPE = YES_ERROR;
				GCC_WARN_UNDECLARED_SELECTOR = YES;
				GCC_WARN_UNINITIALIZED_AUTOS = YES_AGGRESSIVE;
				GCC_WARN_UNUSED_FUNCTION = YES;
				GCC_WARN_UNUSED_VARIABLE = YES;
				IPHONEOS_DEPLOYMENT_TARGET = 15.2;
				MTL_ENABLE_DEBUG_INFO = INCLUDE_SOURCE;
				MTL_FAST_MATH = YES;
				ONLY_ACTIVE_ARCH = YES;
				SDKROOT = iphoneos;
				SWIFT_ACTIVE_COMPILATION_CONDITIONS = DEBUG;
				SWIFT_OPTIMIZATION_LEVEL = "-Onone";
			};
			name = Debug;
		};
		1C52DCF627C1A47600238727 /* Release */ = {
			isa = XCBuildConfiguration;
			buildSettings = {
				ALWAYS_SEARCH_USER_PATHS = NO;
				CLANG_ANALYZER_NONNULL = YES;
				CLANG_ANALYZER_NUMBER_OBJECT_CONVERSION = YES_AGGRESSIVE;
				CLANG_CXX_LANGUAGE_STANDARD = "gnu++17";
				CLANG_CXX_LIBRARY = "libc++";
				CLANG_ENABLE_MODULES = YES;
				CLANG_ENABLE_OBJC_ARC = YES;
				CLANG_ENABLE_OBJC_WEAK = YES;
				CLANG_WARN_BLOCK_CAPTURE_AUTORELEASING = YES;
				CLANG_WARN_BOOL_CONVERSION = YES;
				CLANG_WARN_COMMA = YES;
				CLANG_WARN_CONSTANT_CONVERSION = YES;
				CLANG_WARN_DEPRECATED_OBJC_IMPLEMENTATIONS = YES;
				CLANG_WARN_DIRECT_OBJC_ISA_USAGE = YES_ERROR;
				CLANG_WARN_DOCUMENTATION_COMMENTS = YES;
				CLANG_WARN_EMPTY_BODY = YES;
				CLANG_WARN_ENUM_CONVERSION = YES;
				CLANG_WARN_INFINITE_RECURSION = YES;
				CLANG_WARN_INT_CONVERSION = YES;
				CLANG_WARN_NON_LITERAL_NULL_CONVERSION = YES;
				CLANG_WARN_OBJC_IMPLICIT_RETAIN_SELF = YES;
				CLANG_WARN_OBJC_LITERAL_CONVERSION = YES;
				CLANG_WARN_OBJC_ROOT_CLASS = YES_ERROR;
				CLANG_WARN_QUOTED_INCLUDE_IN_FRAMEWORK_HEADER = YES;
				CLANG_WARN_RANGE_LOOP_ANALYSIS = YES;
				CLANG_WARN_STRICT_PROTOTYPES = YES;
				CLANG_WARN_SUSPICIOUS_MOVE = YES;
				CLANG_WARN_UNGUARDED_AVAILABILITY = YES_AGGRESSIVE;
				CLANG_WARN_UNREACHABLE_CODE = YES;
				CLANG_WARN__DUPLICATE_METHOD_MATCH = YES;
				COPY_PHASE_STRIP = NO;
				DEBUG_INFORMATION_FORMAT = "dwarf-with-dsym";
				ENABLE_NS_ASSERTIONS = NO;
				ENABLE_STRICT_OBJC_MSGSEND = YES;
				GCC_C_LANGUAGE_STANDARD = gnu11;
				GCC_NO_COMMON_BLOCKS = YES;
				GCC_WARN_64_TO_32_BIT_CONVERSION = YES;
				GCC_WARN_ABOUT_RETURN_TYPE = YES_ERROR;
				GCC_WARN_UNDECLARED_SELECTOR = YES;
				GCC_WARN_UNINITIALIZED_AUTOS = YES_AGGRESSIVE;
				GCC_WARN_UNUSED_FUNCTION = YES;
				GCC_WARN_UNUSED_VARIABLE = YES;
				IPHONEOS_DEPLOYMENT_TARGET = 15.2;
				MTL_ENABLE_DEBUG_INFO = NO;
				MTL_FAST_MATH = YES;
				SDKROOT = iphoneos;
				SWIFT_COMPILATION_MODE = wholemodule;
				SWIFT_OPTIMIZATION_LEVEL = "-O";
				VALIDATE_PRODUCT = YES;
			};
			name = Release;
		};
		1C52DCF827C1A47600238727 /* Debug */ = {
			isa = XCBuildConfiguration;
			buildSettings = {
				ALWAYS_EMBED_SWIFT_STANDARD_LIBRARIES = YES;
				ASSETCATALOG_COMPILER_APPICON_NAME = AppIcon;
				ASSETCATALOG_COMPILER_GLOBAL_ACCENT_COLOR_NAME = AccentColor;
				CODE_SIGN_IDENTITY = "Apple Development";
				CODE_SIGN_STYLE = Automatic;
				CURRENT_PROJECT_VERSION = 1;
				DEVELOPMENT_ASSET_PATHS = "\"Worth your time?/Preview Content\"";
				DEVELOPMENT_TEAM = D8PT79X2ZG;
				ENABLE_PREVIEWS = YES;
				GENERATE_INFOPLIST_FILE = YES;
				INFOPLIST_FILE = "Worth-your-time--Info.plist";
				INFOPLIST_KEY_UIApplicationSceneManifest_Generation = YES;
				INFOPLIST_KEY_UIApplicationSupportsIndirectInputEvents = YES;
				INFOPLIST_KEY_UILaunchScreen_Generation = YES;
				INFOPLIST_KEY_UISupportedInterfaceOrientations_iPad = "UIInterfaceOrientationPortrait UIInterfaceOrientationPortraitUpsideDown UIInterfaceOrientationLandscapeLeft UIInterfaceOrientationLandscapeRight";
				INFOPLIST_KEY_UISupportedInterfaceOrientations_iPhone = "UIInterfaceOrientationPortrait UIInterfaceOrientationLandscapeLeft UIInterfaceOrientationLandscapeRight";
				LD_RUNPATH_SEARCH_PATHS = (
					"$(inherited)",
					"@executable_path/Frameworks",
				);
				MARKETING_VERSION = 1.0;
				PRODUCT_BUNDLE_IDENTIFIER = "Phil.Worth-your-time";
				PRODUCT_NAME = "$(TARGET_NAME)";
				PROVISIONING_PROFILE_SPECIFIER = "";
				SWIFT_EMIT_LOC_STRINGS = YES;
				SWIFT_VERSION = 5.0;
				TARGETED_DEVICE_FAMILY = "1,2";
			};
			name = Debug;
		};
		1C52DCF927C1A47600238727 /* Release */ = {
			isa = XCBuildConfiguration;
			buildSettings = {
				ALWAYS_EMBED_SWIFT_STANDARD_LIBRARIES = YES;
				ASSETCATALOG_COMPILER_APPICON_NAME = AppIcon;
				ASSETCATALOG_COMPILER_GLOBAL_ACCENT_COLOR_NAME = AccentColor;
				CODE_SIGN_IDENTITY = "Apple Development";
				CODE_SIGN_STYLE = Automatic;
				CURRENT_PROJECT_VERSION = 1;
				DEVELOPMENT_ASSET_PATHS = "\"Worth your time?/Preview Content\"";
				DEVELOPMENT_TEAM = D8PT79X2ZG;
				ENABLE_PREVIEWS = YES;
				GENERATE_INFOPLIST_FILE = YES;
				INFOPLIST_FILE = "Worth-your-time--Info.plist";
				INFOPLIST_KEY_UIApplicationSceneManifest_Generation = YES;
				INFOPLIST_KEY_UIApplicationSupportsIndirectInputEvents = YES;
				INFOPLIST_KEY_UILaunchScreen_Generation = YES;
				INFOPLIST_KEY_UISupportedInterfaceOrientations_iPad = "UIInterfaceOrientationPortrait UIInterfaceOrientationPortraitUpsideDown UIInterfaceOrientationLandscapeLeft UIInterfaceOrientationLandscapeRight";
				INFOPLIST_KEY_UISupportedInterfaceOrientations_iPhone = "UIInterfaceOrientationPortrait UIInterfaceOrientationLandscapeLeft UIInterfaceOrientationLandscapeRight";
				LD_RUNPATH_SEARCH_PATHS = (
					"$(inherited)",
					"@executable_path/Frameworks",
				);
				MARKETING_VERSION = 1.0;
				PRODUCT_BUNDLE_IDENTIFIER = "Phil.Worth-your-time";
				PRODUCT_NAME = "$(TARGET_NAME)";
				PROVISIONING_PROFILE_SPECIFIER = "";
				SWIFT_EMIT_LOC_STRINGS = YES;
				SWIFT_VERSION = 5.0;
				TARGETED_DEVICE_FAMILY = "1,2";
			};
			name = Release;
		};
/* End XCBuildConfiguration section */

/* Begin XCConfigurationList section */
		1C52DCE427C1A47500238727 /* Build configuration list for PBXProject "Worth your time?" */ = {
			isa = XCConfigurationList;
			buildConfigurations = (
				1C52DCF527C1A47600238727 /* Debug */,
				1C52DCF627C1A47600238727 /* Release */,
			);
			defaultConfigurationIsVisible = 0;
			defaultConfigurationName = Release;
		};
		1C52DCF727C1A47600238727 /* Build configuration list for PBXNativeTarget "Worth your time?" */ = {
			isa = XCConfigurationList;
			buildConfigurations = (
				1C52DCF827C1A47600238727 /* Debug */,
				1C52DCF927C1A47600238727 /* Release */,
			);
			defaultConfigurationIsVisible = 0;
			defaultConfigurationName = Release;
		};
/* End XCConfigurationList section */
	};
	rootObject = 1C52DCE127C1A47500238727 /* Project object */;
}
